{
  "name": "local-translate",
  "version": "0.1.0",
  "lockfileVersion": 3,
  "requires": true,
  "packages": {
    "": {
      "name": "local-translate",
      "version": "0.1.0",
      "dependencies": {
        "sql.js": "^1.10.0"
      }
    },
    "node_modules/sql.js": {
      "version": "1.14.0",
      "resolved": "https://registry.npmmirror.com/sql.js/-/sql.js-1.14.0.tgz",
      "integrity": "sha512-NXYh+kFqLiYRCNAaHD0PcbjFgXyjuolEKLMk5vRt2DgPENtF1kkNzzMlg42dUk5wIsH8MhUzsRhaUxIisoSlZQ==",
      "license": "MIT"
    }
  }
}
